
Microsoft Visual Studio Solution File, Format Version 12.00
# Visual Studio Version 17
VisualStudioVersion = 17.8.34601.278
MinimumVisualStudioVersion = 10.0.40219.1
Project("{FAE04EC0-301F-11D3-BF4B-00C04F79EFBC}") = "GenUI", "GenUI.csproj", "{43DE8D70-1F59-4F41-AE98-C9BB823F696D}"
EndProject
Project("{FAE04EC0-301F-11D3-BF4B-00C04F79EFBC}") = "GenLib", "..\GenLib\GenLib\GenLib.csproj", "{80C3D591-82AB-4C88-B808-46784877178F}"
EndProject
Project("{FAE04EC0-301F-11D3-BF4B-00C04F79EFBC}") = "MakeGraph", "..\MakeGraph\MakeGraph\MakeGraph.csproj", "{F259EC29-619F-435D-A71A-E4E7C4BAB273}"
EndProject
Global
	GlobalSection(SolutionConfigurationPlatforms) = preSolution
		Debug|Any CPU = Debug|Any CPU
		Debug|x86 = Debug|x86
		Release|Any CPU = Release|Any CPU
		Release|x86 = Release|x86
	EndGlobalSection
	GlobalSection(ProjectConfigurationPlatforms) = postSolution
		{43DE8D70-1F59-4F41-AE98-C9BB823F696D}.Debug|Any CPU.ActiveCfg = Debug|Any CPU
		{43DE8D70-1F59-4F41-AE98-C9BB823F696D}.Debug|Any CPU.Build.0 = Debug|Any CPU
		{43DE8D70-1F59-4F41-AE98-C9BB823F696D}.Debug|x86.ActiveCfg = Debug|Any CPU
		{43DE8D70-1F59-4F41-AE98-C9BB823F696D}.Debug|x86.Build.0 = Debug|Any CPU
		{43DE8D70-1F59-4F41-AE98-C9BB823F696D}.Release|Any CPU.ActiveCfg = Release|Any CPU
		{43DE8D70-1F59-4F41-AE98-C9BB823F696D}.Release|Any CPU.Build.0 = Release|Any CPU
		{43DE8D70-1F59-4F41-AE98-C9BB823F696D}.Release|x86.ActiveCfg = Release|Any CPU
		{43DE8D70-1F59-4F41-AE98-C9BB823F696D}.Release|x86.Build.0 = Release|Any CPU
		{80C3D591-82AB-4C88-B808-46784877178F}.Debug|Any CPU.ActiveCfg = Debug|Any CPU
		{80C3D591-82AB-4C88-B808-46784877178F}.Debug|Any CPU.Build.0 = Debug|Any CPU
		{80C3D591-82AB-4C88-B808-46784877178F}.Debug|x86.ActiveCfg = Debug|Any CPU
		{80C3D591-82AB-4C88-B808-46784877178F}.Debug|x86.Build.0 = Debug|Any CPU
		{80C3D591-82AB-4C88-B808-46784877178F}.Release|Any CPU.ActiveCfg = Release|Any CPU
		{80C3D591-82AB-4C88-B808-46784877178F}.Release|Any CPU.Build.0 = Release|Any CPU
		{80C3D591-82AB-4C88-B808-46784877178F}.Release|x86.ActiveCfg = Release|Any CPU
		{80C3D591-82AB-4C88-B808-46784877178F}.Release|x86.Build.0 = Release|Any CPU
		{F259EC29-619F-435D-A71A-E4E7C4BAB273}.Debug|Any CPU.ActiveCfg = Debug|x86
		{F259EC29-619F-435D-A71A-E4E7C4BAB273}.Debug|Any CPU.Build.0 = Debug|x86
		{F259EC29-619F-435D-A71A-E4E7C4BAB273}.Debug|x86.ActiveCfg = Debug|x86
		{F259EC29-619F-435D-A71A-E4E7C4BAB273}.Debug|x86.Build.0 = Debug|x86
		{F259EC29-619F-435D-A71A-E4E7C4BAB273}.Release|Any CPU.ActiveCfg = Release|x86
		{F259EC29-619F-435D-A71A-E4E7C4BAB273}.Release|Any CPU.Build.0 = Release|x86
		{F259EC29-619F-435D-A71A-E4E7C4BAB273}.Release|x86.ActiveCfg = Release|x86
		{F259EC29-619F-435D-A71A-E4E7C4BAB273}.Release|x86.Build.0 = Release|x86
	EndGlobalSection
	GlobalSection(SolutionProperties) = preSolution
		HideSolutionNode = FALSE
	EndGlobalSection
EndGlobal
